
Microsoft Visual Studio Solution File, Format Version 12.00
# Visual Studio 14
VisualStudioVersion = 14.0.24720.0
MinimumVisualStudioVersion = 10.0.40219.1
Project("{2150E333-8FDC-42A3-9474-1A3956D46DE8}") = "Client", "Client", "{3A1CD5F8-C09E-4ADB-8850-4E5865540831}"
EndProject
Project("{2150E333-8FDC-42A3-9474-1A3956D46DE8}") = "Server", "Server", "{191A2C50-A480-4D6E-A03A-11952C0A261C}"
EndProject
Project("{2150E333-8FDC-42A3-9474-1A3956D46DE8}") = "Dependencies", "Dependencies", "{B404ABE5-CF31-49E0-9243-05B01CB6AB1D}"
EndProject
Project("{8BC9CEB8-8B4A-11D0-8D11-00A0C91BC942}") = "Client.Core", "Client\Client.Core\Client.Core.vcxproj", "{F340DDED-C270-42B0-9C4A-57AEA463C455}"
	ProjectSection(ProjectDependencies) = postProject
		{12AA1346-FAD3-4F12-9752-4E4137F37E49} = {12AA1346-FAD3-4F12-9752-4E4137F37E49}
		{F57D4D49-6C97-4C4B-BB1E-9039B06FCE91} = {F57D4D49-6C97-4C4B-BB1E-9039B06FCE91}
		{0C51EF97-CDF8-40EC-9574-C9506447CD9F} = {0C51EF97-CDF8-40EC-9574-C9506447CD9F}
		{272AC6A3-71F0-405B-83AE-DB8DB0FFBC74} = {272AC6A3-71F0-405B-83AE-DB8DB0FFBC74}
		{2F70F8D9-FD8B-41E4-9B5A-6F81E13C40AB} = {2F70F8D9-FD8B-41E4-9B5A-6F81E13C40AB}
	EndProjectSection
EndProject
Project("{8BC9CEB8-8B4A-11D0-8D11-00A0C91BC942}") = "Client.Launcher", "Client\Client.Launcher\Client.Launcher.vcxproj", "{321C4780-FD43-4181-ACAA-3BA4C41704DB}"
EndProject
Project("{8BC9CEB8-8B4A-11D0-8D11-00A0C91BC942}") = "Server.Core", "Server\Server.Core\Server.Core.vcxproj", "{01A9BF38-EB29-42DB-A221-B9003A6AAD7F}"
	ProjectSection(ProjectDependencies) = postProject
		{12AA1346-FAD3-4F12-9752-4E4137F37E49} = {12AA1346-FAD3-4F12-9752-4E4137F37E49}
		{0C51EF97-CDF8-40EC-9574-C9506447CD9F} = {0C51EF97-CDF8-40EC-9574-C9506447CD9F}
		{272AC6A3-71F0-405B-83AE-DB8DB0FFBC74} = {272AC6A3-71F0-405B-83AE-DB8DB0FFBC74}
	EndProjectSection
EndProject
Project("{8BC9CEB8-8B4A-11D0-8D11-00A0C91BC942}") = "RakNet.dep", "Libraries\RakNet.dep\RakNet.dep.vcxproj", "{0C51EF97-CDF8-40EC-9574-C9506447CD9F}"
EndProject
Project("{8BC9CEB8-8B4A-11D0-8D11-00A0C91BC942}") = "irrlicht.dep", "Libraries\irrlicht.dep\irrlicht.dep.vcxproj", "{F57D4D49-6C97-4C4B-BB1E-9039B06FCE91}"
EndProject
Project("{8BC9CEB8-8B4A-11D0-8D11-00A0C91BC942}") = "cegui.dep", "Libraries\cegui.dep\cegui.dep.vcxproj", "{2F70F8D9-FD8B-41E4-9B5A-6F81E13C40AB}"
	ProjectSection(ProjectDependencies) = postProject
		{F57D4D49-6C97-4C4B-BB1E-9039B06FCE91} = {F57D4D49-6C97-4C4B-BB1E-9039B06FCE91}
		{DA0C0991-536A-41F7-94DB-B5972B80DB46} = {DA0C0991-536A-41F7-94DB-B5972B80DB46}
	EndProjectSection
EndProject
Project("{8BC9CEB8-8B4A-11D0-8D11-00A0C91BC942}") = "cegui-dependencies.dep", "Libraries\cegui-dependencies.dep\cegui-dependencies.dep.vcxproj", "{DA0C0991-536A-41F7-94DB-B5972B80DB46}"
EndProject
Project("{8BC9CEB8-8B4A-11D0-8D11-00A0C91BC942}") = "tinyxml2.dep", "Libraries\tinyxml2.dep\tinyxml2.dep.vcxproj", "{272AC6A3-71F0-405B-83AE-DB8DB0FFBC74}"
EndProject
Project("{8BC9CEB8-8B4A-11D0-8D11-00A0C91BC942}") = "Shared", "Shared\Shared.vcxproj", "{12AA1346-FAD3-4F12-9752-4E4137F37E49}"
	ProjectSection(ProjectDependencies) = postProject
		{F57D4D49-6C97-4C4B-BB1E-9039B06FCE91} = {F57D4D49-6C97-4C4B-BB1E-9039B06FCE91}
		{272AC6A3-71F0-405B-83AE-DB8DB0FFBC74} = {272AC6A3-71F0-405B-83AE-DB8DB0FFBC74}
	EndProjectSection
EndProject
Global
	GlobalSection(SolutionConfigurationPlatforms) = preSolution
		Debug|Win32 = Debug|Win32
		Debug|x64 = Debug|x64
		Release|Win32 = Release|Win32
		Release|x64 = Release|x64
	EndGlobalSection
	GlobalSection(ProjectConfigurationPlatforms) = postSolution
		{F340DDED-C270-42B0-9C4A-57AEA463C455}.Debug|Win32.ActiveCfg = Debug|Win32
		{F340DDED-C270-42B0-9C4A-57AEA463C455}.Debug|Win32.Build.0 = Debug|Win32
		{F340DDED-C270-42B0-9C4A-57AEA463C455}.Debug|x64.ActiveCfg = Debug|Win32
		{F340DDED-C270-42B0-9C4A-57AEA463C455}.Release|Win32.ActiveCfg = Release|Win32
		{F340DDED-C270-42B0-9C4A-57AEA463C455}.Release|Win32.Build.0 = Release|Win32
		{F340DDED-C270-42B0-9C4A-57AEA463C455}.Release|x64.ActiveCfg = Release|Win32
		{321C4780-FD43-4181-ACAA-3BA4C41704DB}.Debug|Win32.ActiveCfg = Debug|Win32
		{321C4780-FD43-4181-ACAA-3BA4C41704DB}.Debug|Win32.Build.0 = Debug|Win32
		{321C4780-FD43-4181-ACAA-3BA4C41704DB}.Debug|x64.ActiveCfg = Debug|Win32
		{321C4780-FD43-4181-ACAA-3BA4C41704DB}.Release|Win32.ActiveCfg = Release|Win32
		{321C4780-FD43-4181-ACAA-3BA4C41704DB}.Release|Win32.Build.0 = Release|Win32
		{321C4780-FD43-4181-ACAA-3BA4C41704DB}.Release|x64.ActiveCfg = Release|Win32
		{01A9BF38-EB29-42DB-A221-B9003A6AAD7F}.Debug|Win32.ActiveCfg = Debug|Win32
		{01A9BF38-EB29-42DB-A221-B9003A6AAD7F}.Debug|Win32.Build.0 = Debug|Win32
		{01A9BF38-EB29-42DB-A221-B9003A6AAD7F}.Debug|x64.ActiveCfg = Debug|Win32
		{01A9BF38-EB29-42DB-A221-B9003A6AAD7F}.Release|Win32.ActiveCfg = Release|Win32
		{01A9BF38-EB29-42DB-A221-B9003A6AAD7F}.Release|Win32.Build.0 = Release|Win32
		{01A9BF38-EB29-42DB-A221-B9003A6AAD7F}.Release|x64.ActiveCfg = Release|Win32
		{0C51EF97-CDF8-40EC-9574-C9506447CD9F}.Debug|Win32.ActiveCfg = Debug|Win32
		{0C51EF97-CDF8-40EC-9574-C9506447CD9F}.Debug|Win32.Build.0 = Debug|Win32
		{0C51EF97-CDF8-40EC-9574-C9506447CD9F}.Debug|x64.ActiveCfg = Debug|x64
		{0C51EF97-CDF8-40EC-9574-C9506447CD9F}.Debug|x64.Build.0 = Debug|x64
		{0C51EF97-CDF8-40EC-9574-C9506447CD9F}.Release|Win32.ActiveCfg = Release|Win32
		{0C51EF97-CDF8-40EC-9574-C9506447CD9F}.Release|Win32.Build.0 = Release|Win32
		{0C51EF97-CDF8-40EC-9574-C9506447CD9F}.Release|x64.ActiveCfg = Release|x64
		{0C51EF97-CDF8-40EC-9574-C9506447CD9F}.Release|x64.Build.0 = Release|x64
		{F57D4D49-6C97-4C4B-BB1E-9039B06FCE91}.Debug|Win32.ActiveCfg = Debug|Win32
		{F57D4D49-6C97-4C4B-BB1E-9039B06FCE91}.Debug|Win32.Build.0 = Debug|Win32
		{F57D4D49-6C97-4C4B-BB1E-9039B06FCE91}.Debug|x64.ActiveCfg = Debug|x64
		{F57D4D49-6C97-4C4B-BB1E-9039B06FCE91}.Debug|x64.Build.0 = Debug|x64
		{F57D4D49-6C97-4C4B-BB1E-9039B06FCE91}.Release|Win32.ActiveCfg = Release|Win32
		{F57D4D49-6C97-4C4B-BB1E-9039B06FCE91}.Release|Win32.Build.0 = Release|Win32
		{F57D4D49-6C97-4C4B-BB1E-9039B06FCE91}.Release|x64.ActiveCfg = Release|x64
		{F57D4D49-6C97-4C4B-BB1E-9039B06FCE91}.Release|x64.Build.0 = Release|x64
		{2F70F8D9-FD8B-41E4-9B5A-6F81E13C40AB}.Debug|Win32.ActiveCfg = Debug|Win32
		{2F70F8D9-FD8B-41E4-9B5A-6F81E13C40AB}.Debug|Win32.Build.0 = Debug|Win32
		{2F70F8D9-FD8B-41E4-9B5A-6F81E13C40AB}.Debug|x64.ActiveCfg = Debug|x64
		{2F70F8D9-FD8B-41E4-9B5A-6F81E13C40AB}.Debug|x64.Build.0 = Debug|x64
		{2F70F8D9-FD8B-41E4-9B5A-6F81E13C40AB}.Release|Win32.ActiveCfg = Release|Win32
		{2F70F8D9-FD8B-41E4-9B5A-6F81E13C40AB}.Release|Win32.Build.0 = Release|Win32
		{2F70F8D9-FD8B-41E4-9B5A-6F81E13C40AB}.Release|x64.ActiveCfg = Release|x64
		{2F70F8D9-FD8B-41E4-9B5A-6F81E13C40AB}.Release|x64.Build.0 = Release|x64
		{DA0C0991-536A-41F7-94DB-B5972B80DB46}.Debug|Win32.ActiveCfg = Debug|Win32
		{DA0C0991-536A-41F7-94DB-B5972B80DB46}.Debug|Win32.Build.0 = Debug|Win32
		{DA0C0991-536A-41F7-94DB-B5972B80DB46}.Debug|x64.ActiveCfg = Debug|x64
		{DA0C0991-536A-41F7-94DB-B5972B80DB46}.Debug|x64.Build.0 = Debug|x64
		{DA0C0991-536A-41F7-94DB-B5972B80DB46}.Release|Win32.ActiveCfg = Release|Win32
		{DA0C0991-536A-41F7-94DB-B5972B80DB46}.Release|Win32.Build.0 = Release|Win32
		{DA0C0991-536A-41F7-94DB-B5972B80DB46}.Release|x64.ActiveCfg = Release|x64
		{DA0C0991-536A-41F7-94DB-B5972B80DB46}.Release|x64.Build.0 = Release|x64
		{272AC6A3-71F0-405B-83AE-DB8DB0FFBC74}.Debug|Win32.ActiveCfg = Debug|Win32
		{272AC6A3-71F0-405B-83AE-DB8DB0FFBC74}.Debug|Win32.Build.0 = Debug|Win32
		{272AC6A3-71F0-405B-83AE-DB8DB0FFBC74}.Debug|x64.ActiveCfg = Debug|x64
		{272AC6A3-71F0-405B-83AE-DB8DB0FFBC74}.Debug|x64.Build.0 = Debug|x64
		{272AC6A3-71F0-405B-83AE-DB8DB0FFBC74}.Release|Win32.ActiveCfg = Release|Win32
		{272AC6A3-71F0-405B-83AE-DB8DB0FFBC74}.Release|Win32.Build.0 = Release|Win32
		{272AC6A3-71F0-405B-83AE-DB8DB0FFBC74}.Release|x64.ActiveCfg = Release|x64
		{272AC6A3-71F0-405B-83AE-DB8DB0FFBC74}.Release|x64.Build.0 = Release|x64
		{12AA1346-FAD3-4F12-9752-4E4137F37E49}.Debug|Win32.ActiveCfg = Debug|Win32
		{12AA1346-FAD3-4F12-9752-4E4137F37E49}.Debug|Win32.Build.0 = Debug|Win32
		{12AA1346-FAD3-4F12-9752-4E4137F37E49}.Debug|x64.ActiveCfg = Debug|x64
		{12AA1346-FAD3-4F12-9752-4E4137F37E49}.Debug|x64.Build.0 = Debug|x64
		{12AA1346-FAD3-4F12-9752-4E4137F37E49}.Release|Win32.ActiveCfg = Release|Win32
		{12AA1346-FAD3-4F12-9752-4E4137F37E49}.Release|Win32.Build.0 = Release|Win32
		{12AA1346-FAD3-4F12-9752-4E4137F37E49}.Release|x64.ActiveCfg = Release|x64
		{12AA1346-FAD3-4F12-9752-4E4137F37E49}.Release|x64.Build.0 = Release|x64
	EndGlobalSection
	GlobalSection(SolutionProperties) = preSolution
		HideSolutionNode = FALSE
	EndGlobalSection
	GlobalSection(NestedProjects) = preSolution
		{F340DDED-C270-42B0-9C4A-57AEA463C455} = {3A1CD5F8-C09E-4ADB-8850-4E5865540831}
		{321C4780-FD43-4181-ACAA-3BA4C41704DB} = {3A1CD5F8-C09E-4ADB-8850-4E5865540831}
		{01A9BF38-EB29-42DB-A221-B9003A6AAD7F} = {191A2C50-A480-4D6E-A03A-11952C0A261C}
		{0C51EF97-CDF8-40EC-9574-C9506447CD9F} = {B404ABE5-CF31-49E0-9243-05B01CB6AB1D}
		{F57D4D49-6C97-4C4B-BB1E-9039B06FCE91} = {B404ABE5-CF31-49E0-9243-05B01CB6AB1D}
		{2F70F8D9-FD8B-41E4-9B5A-6F81E13C40AB} = {B404ABE5-CF31-49E0-9243-05B01CB6AB1D}
		{DA0C0991-536A-41F7-94DB-B5972B80DB46} = {B404ABE5-CF31-49E0-9243-05B01CB6AB1D}
		{272AC6A3-71F0-405B-83AE-DB8DB0FFBC74} = {B404ABE5-CF31-49E0-9243-05B01CB6AB1D}
	EndGlobalSection
EndGlobal
