<?xml version="1.0" encoding="utf-8"?>
<Project ToolsVersion="4.0" xmlns="http://schemas.microsoft.com/developer/msbuild/2003">
  <ItemGroup>
    <Filter Include="Source Files">
      <UniqueIdentifier>{4FC737F1-C7A5-4376-A066-2A32D752A2FF}</UniqueIdentifier>
      <Extensions>cpp;c;cc;cxx;def;odl;idl;hpj;bat;asm;asmx</Extensions>
    </Filter>
    <Filter Include="Header Files">
      <UniqueIdentifier>{93995380-89BD-4b04-88EB-625FBE52EBFB}</UniqueIdentifier>
      <Extensions>h;hh;hpp;hxx;hm;inl;inc;xsd</Extensions>
    </Filter>
    <Filter Include="Source Files\Network">
      <UniqueIdentifier>{b50d76a6-71cf-4d7f-89aa-32dcba7b75cd}</UniqueIdentifier>
    </Filter>
    <Filter Include="Header Files\Network">
      <UniqueIdentifier>{e755762c-b187-4d6d-9010-2f152d1f6e34}</UniqueIdentifier>
    </Filter>
    <Filter Include="Header Files\General">
      <UniqueIdentifier>{4a11c988-7a6f-49e6-a121-caa60d06511a}</UniqueIdentifier>
    </Filter>
    <Filter Include="Source Files\General">
      <UniqueIdentifier>{1f4f9786-2f16-4bcb-b179-1bf31021568f}</UniqueIdentifier>
    </Filter>
    <Filter Include="Resource Files">
      <UniqueIdentifier>{67DA6AB6-F800-4c08-8B7A-83BB121AAD01}</UniqueIdentifier>
      <Extensions>rc;ico;cur;bmp;dlg;rc2;rct;bin;rgs;gif;jpg;jpeg;jpe;resx;tiff;tif;png;wav;mfcribbon-ms</Extensions>
    </Filter>
    <Filter Include="Source Files\Network\RPC">
      <UniqueIdentifier>{9f0f593b-5c68-45a1-b798-48dd5f49f054}</UniqueIdentifier>
    </Filter>
    <Filter Include="Header Files\Network\RPC">
      <UniqueIdentifier>{a57be2a5-9d78-4326-a46c-351f89a55cf8}</UniqueIdentifier>
    </Filter>
  </ItemGroup>
  <ItemGroup>
    <ClInclude Include="NetworkModule.h">
      <Filter>Header Files\Network</Filter>
    </ClInclude>
    <ClInclude Include="ServerCore.h">
      <Filter>Header Files\General</Filter>
    </ClInclude>
    <ClInclude Include="ServerCoreConfiguration.h">
      <Filter>Header Files\General</Filter>
    </ClInclude>
    <ClInclude Include="GeneralRPC.h">
      <Filter>Header Files\Network\RPC</Filter>
    </ClInclude>
    <ClInclude Include="PlayerRPC.h">
      <Filter>Header Files\Network\RPC</Filter>
    </ClInclude>
  </ItemGroup>
  <ItemGroup>
    <ClCompile Include="main.cpp">
      <Filter>Source Files</Filter>
    </ClCompile>
    <ClCompile Include="NetworkModule.cpp">
      <Filter>Source Files\Network</Filter>
    </ClCompile>
    <ClCompile Include="ServerCore.cpp">
      <Filter>Source Files\General</Filter>
    </ClCompile>
    <ClCompile Include="ServerCoreConfiguration.cpp">
      <Filter>Source Files\General</Filter>
    </ClCompile>
    <ClCompile Include="GeneralRPC.cpp">
      <Filter>Source Files\Network\RPC</Filter>
    </ClCompile>
    <ClCompile Include="PlayerRPC.cpp">
      <Filter>Source Files\Network\RPC</Filter>
    </ClCompile>
  </ItemGroup>
</Project>