<?xml version="1.0" encoding="utf-8"?>
<Project ToolsVersion="4.0" xmlns="http://schemas.microsoft.com/developer/msbuild/2003">
  <ItemGroup>
    <Filter Include="Source Files">
      <UniqueIdentifier>{4FC737F1-C7A5-4376-A066-2A32D752A2FF}</UniqueIdentifier>
      <Extensions>cpp;c;cc;cxx;def;odl;idl;hpj;bat;asm;asmx</Extensions>
    </Filter>
    <Filter Include="Header Files">
      <UniqueIdentifier>{93995380-89BD-4b04-88EB-625FBE52EBFB}</UniqueIdentifier>
      <Extensions>h;hh;hpp;hxx;hm;inl;inc;xsd</Extensions>
    </Filter>
    <Filter Include="Resource Files">
      <UniqueIdentifier>{67DA6AB6-F800-4c08-8B7A-83BB121AAD01}</UniqueIdentifier>
      <Extensions>rc;ico;cur;bmp;dlg;rc2;rct;bin;rgs;gif;jpg;jpeg;jpe;resx;tiff;tif;png;wav;mfcribbon-ms</Extensions>
    </Filter>
    <Filter Include="Source Files\Shared">
      <UniqueIdentifier>{394f13c7-53b4-440a-adec-9f9954222772}</UniqueIdentifier>
    </Filter>
    <Filter Include="Header Files\Shared">
      <UniqueIdentifier>{199ba187-536d-480f-9dac-137a2407818b}</UniqueIdentifier>
    </Filter>
    <Filter Include="Source Files\Network">
      <UniqueIdentifier>{b50d76a6-71cf-4d7f-89aa-32dcba7b75cd}</UniqueIdentifier>
    </Filter>
    <Filter Include="Source Files\Shared\ECS">
      <UniqueIdentifier>{b971baa4-79f3-4b51-9964-6d42e2457f43}</UniqueIdentifier>
    </Filter>
    <Filter Include="Header Files\Shared\ECS">
      <UniqueIdentifier>{c01cf41e-d307-4c78-b20d-bbbd2cbfa7af}</UniqueIdentifier>
    </Filter>
    <Filter Include="Header Files\Network">
      <UniqueIdentifier>{e755762c-b187-4d6d-9010-2f152d1f6e34}</UniqueIdentifier>
    </Filter>
    <Filter Include="Header Files\General">
      <UniqueIdentifier>{4a11c988-7a6f-49e6-a121-caa60d06511a}</UniqueIdentifier>
    </Filter>
    <Filter Include="Source Files\General">
      <UniqueIdentifier>{1f4f9786-2f16-4bcb-b179-1bf31021568f}</UniqueIdentifier>
    </Filter>
  </ItemGroup>
  <ItemGroup>
    <ClInclude Include="..\..\Shared\StdInc.h">
      <Filter>Header Files\Shared</Filter>
    </ClInclude>
    <ClInclude Include="ConfigParser.h">
      <Filter>Header Files\General</Filter>
    </ClInclude>
    <ClInclude Include="..\..\Shared\Common.h">
      <Filter>Header Files\Shared</Filter>
    </ClInclude>
    <ClInclude Include="..\..\Shared\ExplicitSingleton.h">
      <Filter>Header Files\Shared</Filter>
    </ClInclude>
    <ClInclude Include="CMain.h">
      <Filter>Header Files\General</Filter>
    </ClInclude>
    <ClInclude Include="..\..\Shared\XML.h">
      <Filter>Header Files\Shared</Filter>
    </ClInclude>
    <ClInclude Include="NetworkModule.h">
      <Filter>Header Files\Network</Filter>
    </ClInclude>
    <ClInclude Include="PlayerRPC.h">
      <Filter>Header Files\Network</Filter>
    </ClInclude>
  </ItemGroup>
  <ItemGroup>
    <ClCompile Include="CMain.cpp">
      <Filter>Source Files\General</Filter>
    </ClCompile>
    <ClCompile Include="main.cpp">
      <Filter>Source Files</Filter>
    </ClCompile>
    <ClCompile Include="ConfigParser.cpp">
      <Filter>Source Files\General</Filter>
    </ClCompile>
    <ClCompile Include="..\..\Shared\XML.cpp">
      <Filter>Source Files\Shared</Filter>
    </ClCompile>
    <ClCompile Include="NetworkModule.cpp">
      <Filter>Source Files\Network</Filter>
    </ClCompile>
    <ClCompile Include="PlayerRPC.cpp">
      <Filter>Source Files\Network</Filter>
    </ClCompile>
  </ItemGroup>
</Project>