<?xml version="1.0" encoding="utf-8"?>
<Project ToolsVersion="4.0" xmlns="http://schemas.microsoft.com/developer/msbuild/2003">
  <ItemGroup>
    <Filter Include="Resource Files">
      <UniqueIdentifier>{67DA6AB6-F800-4c08-8B7A-83BB121AAD01}</UniqueIdentifier>
      <Extensions>rc;ico;cur;bmp;dlg;rc2;rct;bin;rgs;gif;jpg;jpeg;jpe;resx;tiff;tif;png;wav;mfcribbon-ms</Extensions>
    </Filter>
    <Filter Include="Header Files">
      <UniqueIdentifier>{93995380-89BD-4b04-88EB-625FBE52EBFB}</UniqueIdentifier>
      <Extensions>h;hh;hpp;hxx;hm;inl;inc;xsd</Extensions>
    </Filter>
    <Filter Include="Header Files\ECS">
      <UniqueIdentifier>{d29bc948-e6c2-417d-a96d-f33cc53b1671}</UniqueIdentifier>
    </Filter>
    <Filter Include="Source Files">
      <UniqueIdentifier>{4FC737F1-C7A5-4376-A066-2A32D752A2FF}</UniqueIdentifier>
      <Extensions>cpp;c;cc;cxx;def;odl;idl;hpj;bat;asm;asmx</Extensions>
    </Filter>
    <Filter Include="Source Files\ECS">
      <UniqueIdentifier>{aca95a6b-a40e-4aa4-a619-e2ed7ab547d1}</UniqueIdentifier>
    </Filter>
    <Filter Include="Header Files\ECS\Component">
      <UniqueIdentifier>{468f72e2-61f7-41bc-b234-ce1f16ffecc6}</UniqueIdentifier>
    </Filter>
    <Filter Include="Header Files\ECS\Factory">
      <UniqueIdentifier>{5f192d97-7f4b-4764-8adc-bfdf28edd003}</UniqueIdentifier>
    </Filter>
    <Filter Include="Header Files\ECS\Entity">
      <UniqueIdentifier>{561b0288-7518-45ea-8b7f-fb25fad5609f}</UniqueIdentifier>
    </Filter>
    <Filter Include="Source Files\ECS\Component">
      <UniqueIdentifier>{731de77b-75b4-40fb-88e5-4ed2fdc558d7}</UniqueIdentifier>
    </Filter>
    <Filter Include="Source Files\ECS\Entity">
      <UniqueIdentifier>{250762ba-3741-499f-9f07-2c361fc01cdc}</UniqueIdentifier>
    </Filter>
    <Filter Include="Source Files\ECS\Factory">
      <UniqueIdentifier>{9621ae2b-e270-4a38-91f2-b818c0de61c2}</UniqueIdentifier>
    </Filter>
    <Filter Include="Header Files\Logger">
      <UniqueIdentifier>{1fbaa0cb-7800-41a5-ae4e-1f82ead8c63d}</UniqueIdentifier>
    </Filter>
    <Filter Include="Source Files\Logger">
      <UniqueIdentifier>{c0f0b324-b7c7-4daa-ad07-bd2af12bab66}</UniqueIdentifier>
    </Filter>
    <Filter Include="Header Files\Configuration">
      <UniqueIdentifier>{99095faf-6f4b-4366-b568-c1860df98d96}</UniqueIdentifier>
    </Filter>
    <Filter Include="Source Files\Configuration">
      <UniqueIdentifier>{556a2de2-d234-4d3c-8127-633812922a8e}</UniqueIdentifier>
    </Filter>
    <Filter Include="Source Files\Creator">
      <UniqueIdentifier>{705b1293-2b92-461c-a832-2cb6a597d052}</UniqueIdentifier>
    </Filter>
    <Filter Include="Header Files\Creator">
      <UniqueIdentifier>{ff1d3a42-8b8a-4dfc-a541-8a8ad1803e87}</UniqueIdentifier>
    </Filter>
    <Filter Include="Header Files\Network">
      <UniqueIdentifier>{4bb2506d-dbee-4c39-b616-9cd22fd81bed}</UniqueIdentifier>
    </Filter>
    <Filter Include="Header Files\Utility">
      <UniqueIdentifier>{bcaad0b0-ada2-493b-b558-46de8d6641ec}</UniqueIdentifier>
    </Filter>
    <Filter Include="Source Files\Utility">
      <UniqueIdentifier>{4dcd1891-ae1c-4e9b-bc09-cd61e70b12e6}</UniqueIdentifier>
    </Filter>
    <Filter Include="Source Files\Network">
      <UniqueIdentifier>{f1e902a1-f5cc-40ef-9844-b3e3bd19814b}</UniqueIdentifier>
    </Filter>
    <Filter Include="Header Files\Wrapper">
      <UniqueIdentifier>{2e1aae85-035b-4b9d-bcf4-044409933300}</UniqueIdentifier>
    </Filter>
    <Filter Include="Source Files\Wrapper">
      <UniqueIdentifier>{8cbd35a2-10a2-4d41-bb54-55e791853956}</UniqueIdentifier>
    </Filter>
  </ItemGroup>
  <ItemGroup>
    <ClCompile Include="ProjectGlobals.cpp">
      <Filter>Source Files</Filter>
    </ClCompile>
    <ClCompile Include="AComponent.cpp">
      <Filter>Source Files\ECS\Component</Filter>
    </ClCompile>
    <ClCompile Include="Entity.cpp">
      <Filter>Source Files\ECS\Entity</Filter>
    </ClCompile>
    <ClCompile Include="Movement.cpp">
      <Filter>Source Files\ECS\Component</Filter>
    </ClCompile>
    <ClCompile Include="Life.cpp">
      <Filter>Source Files\ECS\Component</Filter>
    </ClCompile>
    <ClCompile Include="ObjectFactory.cpp">
      <Filter>Source Files\ECS\Factory</Filter>
    </ClCompile>
    <ClCompile Include="PlayerFactory.cpp">
      <Filter>Source Files\ECS\Factory</Filter>
    </ClCompile>
    <ClCompile Include="Position.cpp">
      <Filter>Source Files\ECS\Component</Filter>
    </ClCompile>
    <ClCompile Include="Spell.cpp">
      <Filter>Source Files\ECS\Component</Filter>
    </ClCompile>
    <ClCompile Include="SpellManager.cpp">
      <Filter>Source Files\ECS\Component</Filter>
    </ClCompile>
    <ClCompile Include="Team.cpp">
      <Filter>Source Files\ECS\Component</Filter>
    </ClCompile>
    <ClCompile Include="Weapon.cpp">
      <Filter>Source Files\ECS\Component</Filter>
    </ClCompile>
    <ClCompile Include="WeaponManager.cpp">
      <Filter>Source Files\ECS\Component</Filter>
    </ClCompile>
    <ClCompile Include="Logger.cpp">
      <Filter>Source Files\Logger</Filter>
    </ClCompile>
    <ClCompile Include="AConfiguration.cpp">
      <Filter>Source Files\Configuration</Filter>
    </ClCompile>
    <ClCompile Include="SpellsConfiguration.cpp">
      <Filter>Source Files\Configuration</Filter>
    </ClCompile>
    <ClCompile Include="WeaponsConfiguration.cpp">
      <Filter>Source Files\Configuration</Filter>
    </ClCompile>
    <ClCompile Include="WeaponCreator.cpp">
      <Filter>Source Files\Creator</Filter>
    </ClCompile>
    <ClCompile Include="SpellCreator.cpp">
      <Filter>Source Files\Creator</Filter>
    </ClCompile>
    <ClCompile Include="MathUtility.cpp">
      <Filter>Source Files\Utility</Filter>
    </ClCompile>
    <ClCompile Include="SystemUtility.cpp">
      <Filter>Source Files\Utility</Filter>
    </ClCompile>
    <ClCompile Include="TimeUtility.cpp">
      <Filter>Source Files\Utility</Filter>
    </ClCompile>
    <ClCompile Include="StringUtility.cpp">
      <Filter>Source Files\Utility</Filter>
    </ClCompile>
    <ClCompile Include="SceneMesh.cpp">
      <Filter>Source Files\ECS\Component</Filter>
    </ClCompile>
    <ClCompile Include="MapFactory.cpp">
      <Filter>Source Files\ECS\Factory</Filter>
    </ClCompile>
    <ClCompile Include="NetworkRPC.cpp">
      <Filter>Source Files\Network</Filter>
    </ClCompile>
    <ClCompile Include="RakNetUtility.cpp">
      <Filter>Source Files\Utility</Filter>
    </ClCompile>
    <ClCompile Include="AScene.cpp">
      <Filter>Source Files\ECS\Component</Filter>
    </ClCompile>
    <ClCompile Include="SceneAnimatedMesh.cpp">
      <Filter>Source Files\ECS\Component</Filter>
    </ClCompile>
    <ClCompile Include="SceneBillboard.cpp">
      <Filter>Source Files\ECS\Component</Filter>
    </ClCompile>
    <ClCompile Include="NetworkObject.cpp">
      <Filter>Source Files</Filter>
    </ClCompile>
    <ClCompile Include="Armor.cpp">
      <Filter>Source Files\ECS\Component</Filter>
    </ClCompile>
    <ClCompile Include="IrrlichtUtility.cpp">
      <Filter>Source Files\Utility</Filter>
    </ClCompile>
    <ClCompile Include="NetworkManager.cpp">
      <Filter>Source Files\Network</Filter>
    </ClCompile>
    <ClCompile Include="PlayerInfos.cpp">
      <Filter>Source Files\ECS\Component</Filter>
    </ClCompile>
    <ClCompile Include="SpawnerFactory.cpp">
      <Filter>Source Files\ECS\Factory</Filter>
    </ClCompile>
    <ClCompile Include="SpawnerManager.cpp">
      <Filter>Source Files</Filter>
    </ClCompile>
    <ClCompile Include="Line3dWrapper.cpp">
      <Filter>Source Files\Wrapper</Filter>
    </ClCompile>
    <ClCompile Include="SceneBillboardText.cpp">
      <Filter>Source Files\ECS\Component</Filter>
    </ClCompile>
  </ItemGroup>
  <ItemGroup>
    <ClInclude Include="ProjectGlobals.h">
      <Filter>Header Files</Filter>
    </ClInclude>
    <ClInclude Include="Singleton.h">
      <Filter>Header Files</Filter>
    </ClInclude>
    <ClInclude Include="Export.h">
      <Filter>Header Files</Filter>
    </ClInclude>
    <ClInclude Include="AComponent.h">
      <Filter>Header Files\ECS\Component</Filter>
    </ClInclude>
    <ClInclude Include="Entity.h">
      <Filter>Header Files\ECS\Entity</Filter>
    </ClInclude>
    <ClInclude Include="Life.h">
      <Filter>Header Files\ECS\Component</Filter>
    </ClInclude>
    <ClInclude Include="Movement.h">
      <Filter>Header Files\ECS\Component</Filter>
    </ClInclude>
    <ClInclude Include="PlayerFactory.h">
      <Filter>Header Files\ECS\Factory</Filter>
    </ClInclude>
    <ClInclude Include="ObjectFactory.h">
      <Filter>Header Files\ECS\Factory</Filter>
    </ClInclude>
    <ClInclude Include="Position.h">
      <Filter>Header Files\ECS\Component</Filter>
    </ClInclude>
    <ClInclude Include="Spell.h">
      <Filter>Header Files\ECS\Component</Filter>
    </ClInclude>
    <ClInclude Include="SpellManager.h">
      <Filter>Header Files\ECS\Component</Filter>
    </ClInclude>
    <ClInclude Include="Team.h">
      <Filter>Header Files\ECS\Component</Filter>
    </ClInclude>
    <ClInclude Include="Weapon.h">
      <Filter>Header Files\ECS\Component</Filter>
    </ClInclude>
    <ClInclude Include="WeaponManager.h">
      <Filter>Header Files\ECS\Component</Filter>
    </ClInclude>
    <ClInclude Include="Logger.h">
      <Filter>Header Files\Logger</Filter>
    </ClInclude>
    <ClInclude Include="NodePickable.h">
      <Filter>Header Files</Filter>
    </ClInclude>
    <ClInclude Include="AConfiguration.h">
      <Filter>Header Files\Configuration</Filter>
    </ClInclude>
    <ClInclude Include="WeaponsConfiguration.h">
      <Filter>Header Files\Configuration</Filter>
    </ClInclude>
    <ClInclude Include="SpellsConfiguration.h">
      <Filter>Header Files\Configuration</Filter>
    </ClInclude>
    <ClInclude Include="WeaponCreator.h">
      <Filter>Header Files\Creator</Filter>
    </ClInclude>
    <ClInclude Include="SpellCreator.h">
      <Filter>Header Files\Creator</Filter>
    </ClInclude>
    <ClInclude Include="NetworkRPC.h">
      <Filter>Header Files\Network</Filter>
    </ClInclude>
    <ClInclude Include="SystemUtility.h">
      <Filter>Header Files\Utility</Filter>
    </ClInclude>
    <ClInclude Include="StringUtility.h">
      <Filter>Header Files\Utility</Filter>
    </ClInclude>
    <ClInclude Include="TimeUtility.h">
      <Filter>Header Files\Utility</Filter>
    </ClInclude>
    <ClInclude Include="MathUtility.h">
      <Filter>Header Files\Utility</Filter>
    </ClInclude>
    <ClInclude Include="SceneMesh.h">
      <Filter>Header Files\ECS\Component</Filter>
    </ClInclude>
    <ClInclude Include="SceneAnimatedMesh.h">
      <Filter>Header Files\ECS\Component</Filter>
    </ClInclude>
    <ClInclude Include="SceneBillboard.h">
      <Filter>Header Files\ECS\Component</Filter>
    </ClInclude>
    <ClInclude Include="MapFactory.h">
      <Filter>Header Files\ECS\Factory</Filter>
    </ClInclude>
    <ClInclude Include="RakNetUtility.h">
      <Filter>Header Files\Utility</Filter>
    </ClInclude>
    <ClInclude Include="AScene.h">
      <Filter>Header Files\ECS\Component</Filter>
    </ClInclude>
    <ClInclude Include="NetworkObject.h">
      <Filter>Header Files</Filter>
    </ClInclude>
    <ClInclude Include="Armor.h">
      <Filter>Header Files\ECS\Component</Filter>
    </ClInclude>
    <ClInclude Include="IrrlichtUtility.h">
      <Filter>Header Files\Utility</Filter>
    </ClInclude>
    <ClInclude Include="NetworkManager.h">
      <Filter>Header Files\Network</Filter>
    </ClInclude>
    <ClInclude Include="PlayerInfos.h">
      <Filter>Header Files\ECS\Component</Filter>
    </ClInclude>
    <ClInclude Include="SpawnerFactory.h">
      <Filter>Header Files\ECS\Factory</Filter>
    </ClInclude>
    <ClInclude Include="Line3dWrapper.h">
      <Filter>Header Files\Wrapper</Filter>
    </ClInclude>
    <ClInclude Include="SceneBillboardText.h">
      <Filter>Header Files\ECS\Component</Filter>
    </ClInclude>
  </ItemGroup>
</Project>