<?xml version="1.0" encoding="utf-8"?>
<Project ToolsVersion="4.0" xmlns="http://schemas.microsoft.com/developer/msbuild/2003">
  <ItemGroup>
    <Filter Include="Source Files">
      <UniqueIdentifier>{4FC737F1-C7A5-4376-A066-2A32D752A2FF}</UniqueIdentifier>
      <Extensions>cpp;c;cc;cxx;def;odl;idl;hpj;bat;asm;asmx</Extensions>
    </Filter>
    <Filter Include="Header Files">
      <UniqueIdentifier>{93995380-89BD-4b04-88EB-625FBE52EBFB}</UniqueIdentifier>
      <Extensions>h;hh;hpp;hxx;hm;inl;inc;xsd</Extensions>
    </Filter>
    <Filter Include="Source Files\Graphic">
      <UniqueIdentifier>{b493e11b-1743-47b7-911c-14d88bcc2ca1}</UniqueIdentifier>
    </Filter>
    <Filter Include="Source Files\GUI">
      <UniqueIdentifier>{40fd0650-8a42-42d6-8a80-b8e3c646850d}</UniqueIdentifier>
    </Filter>
    <Filter Include="Source Files\Network">
      <UniqueIdentifier>{343e7c1d-bbb5-41b9-8248-8f8a415c2f3f}</UniqueIdentifier>
    </Filter>
    <Filter Include="Header Files\Graphic">
      <UniqueIdentifier>{9aa196da-ce72-4c6a-b1e2-b035e8ceb634}</UniqueIdentifier>
    </Filter>
    <Filter Include="Header Files\GUI">
      <UniqueIdentifier>{d9195bdf-fb38-4ea6-b044-7b0b1aefd086}</UniqueIdentifier>
    </Filter>
    <Filter Include="Header Files\Network">
      <UniqueIdentifier>{b476199d-0a92-403f-a429-9d94fe03d4e7}</UniqueIdentifier>
    </Filter>
    <Filter Include="Header Files\General">
      <UniqueIdentifier>{8ec10e01-3cd4-439d-b70d-86f43c432621}</UniqueIdentifier>
    </Filter>
    <Filter Include="Source Files\General">
      <UniqueIdentifier>{cc5201e9-6775-475e-b459-d41716000a18}</UniqueIdentifier>
    </Filter>
    <Filter Include="Resource Files">
      <UniqueIdentifier>{67DA6AB6-F800-4c08-8B7A-83BB121AAD01}</UniqueIdentifier>
      <Extensions>rc;ico;cur;bmp;dlg;rc2;rct;bin;rgs;gif;jpg;jpeg;jpe;resx;tiff;tif;png;wav;mfcribbon-ms</Extensions>
    </Filter>
    <Filter Include="Source Files\Network\RPC">
      <UniqueIdentifier>{ba354f28-1500-4860-b6cb-0b228f21a2a1}</UniqueIdentifier>
    </Filter>
    <Filter Include="Header Files\Network\RPC">
      <UniqueIdentifier>{9c0b07c6-1972-4af4-93bf-6e7c37e4f85f}</UniqueIdentifier>
    </Filter>
  </ItemGroup>
  <ItemGroup>
    <ClInclude Include="mainMenu.h">
      <Filter>Header Files\GUI</Filter>
    </ClInclude>
    <ClInclude Include="eventReceiver.h">
      <Filter>Header Files\General</Filter>
    </ClInclude>
    <ClInclude Include="InGameGUI.h">
      <Filter>Header Files\GUI</Filter>
    </ClInclude>
    <ClInclude Include="ClientCore.h">
      <Filter>Header Files\General</Filter>
    </ClInclude>
    <ClInclude Include="LoadingWindows.h">
      <Filter>Header Files\GUI</Filter>
    </ClInclude>
    <ClInclude Include="WaitingRoom.h">
      <Filter>Header Files\GUI</Filter>
    </ClInclude>
    <ClInclude Include="NetworkModule.h">
      <Filter>Header Files\Network</Filter>
    </ClInclude>
    <ClInclude Include="GeneralRPC.h">
      <Filter>Header Files\Network\RPC</Filter>
    </ClInclude>
    <ClInclude Include="PlayerRPC.h">
      <Filter>Header Files\Network\RPC</Filter>
    </ClInclude>
    <ClInclude Include="Chat.h">
      <Filter>Header Files\General</Filter>
    </ClInclude>
    <ClInclude Include="main.h">
      <Filter>Header Files</Filter>
    </ClInclude>
  </ItemGroup>
  <ItemGroup>
    <ClCompile Include="mainMenu.cpp">
      <Filter>Source Files\GUI</Filter>
    </ClCompile>
    <ClCompile Include="eventReceiver.cpp">
      <Filter>Source Files\General</Filter>
    </ClCompile>
    <ClCompile Include="main.cpp">
      <Filter>Source Files</Filter>
    </ClCompile>
    <ClCompile Include="InGameGUI.cpp">
      <Filter>Source Files\GUI</Filter>
    </ClCompile>
    <ClCompile Include="ClientCore.cpp">
      <Filter>Source Files\General</Filter>
    </ClCompile>
    <ClCompile Include="WaitingRoom.cpp">
      <Filter>Source Files\GUI</Filter>
    </ClCompile>
    <ClCompile Include="NetworkModule.cpp">
      <Filter>Source Files\Network</Filter>
    </ClCompile>
    <ClCompile Include="GeneralRPC.cpp">
      <Filter>Source Files\Network\RPC</Filter>
    </ClCompile>
    <ClCompile Include="PlayerRPC.cpp">
      <Filter>Source Files\Network\RPC</Filter>
    </ClCompile>
    <ClCompile Include="Chat.cpp">
      <Filter>Source Files\General</Filter>
    </ClCompile>
  </ItemGroup>
</Project>