<?xml version="1.0" encoding="utf-8"?>
<Project ToolsVersion="4.0" xmlns="http://schemas.microsoft.com/developer/msbuild/2003">
  <ItemGroup>
    <Filter Include="Source Files">
      <UniqueIdentifier>{4FC737F1-C7A5-4376-A066-2A32D752A2FF}</UniqueIdentifier>
      <Extensions>cpp;c;cc;cxx;def;odl;idl;hpj;bat;asm;asmx</Extensions>
    </Filter>
    <Filter Include="Header Files">
      <UniqueIdentifier>{93995380-89BD-4b04-88EB-625FBE52EBFB}</UniqueIdentifier>
      <Extensions>h;hh;hpp;hxx;hm;inl;inc;xsd</Extensions>
    </Filter>
    <Filter Include="Resource Files">
      <UniqueIdentifier>{67DA6AB6-F800-4c08-8B7A-83BB121AAD01}</UniqueIdentifier>
      <Extensions>rc;ico;cur;bmp;dlg;rc2;rct;bin;rgs;gif;jpg;jpeg;jpe;resx;tiff;tif;png;wav;mfcribbon-ms</Extensions>
    </Filter>
    <Filter Include="Header Files\Shared">
      <UniqueIdentifier>{9e5a6a21-570d-4d30-ad74-041d4980f795}</UniqueIdentifier>
    </Filter>
    <Filter Include="Source Files\Shared">
      <UniqueIdentifier>{00d0292e-4305-40ff-9328-f7af09d90ace}</UniqueIdentifier>
    </Filter>
    <Filter Include="Source Files\Graphic">
      <UniqueIdentifier>{b493e11b-1743-47b7-911c-14d88bcc2ca1}</UniqueIdentifier>
    </Filter>
    <Filter Include="Source Files\GUI">
      <UniqueIdentifier>{40fd0650-8a42-42d6-8a80-b8e3c646850d}</UniqueIdentifier>
    </Filter>
    <Filter Include="Source Files\Network">
      <UniqueIdentifier>{343e7c1d-bbb5-41b9-8248-8f8a415c2f3f}</UniqueIdentifier>
    </Filter>
    <Filter Include="Source Files\Shared\ECS">
      <UniqueIdentifier>{68216aca-cd07-4f72-aaba-4cb58bad38d2}</UniqueIdentifier>
    </Filter>
    <Filter Include="Header Files\Graphic">
      <UniqueIdentifier>{9aa196da-ce72-4c6a-b1e2-b035e8ceb634}</UniqueIdentifier>
    </Filter>
    <Filter Include="Header Files\GUI">
      <UniqueIdentifier>{d9195bdf-fb38-4ea6-b044-7b0b1aefd086}</UniqueIdentifier>
    </Filter>
    <Filter Include="Header Files\Network">
      <UniqueIdentifier>{b476199d-0a92-403f-a429-9d94fe03d4e7}</UniqueIdentifier>
    </Filter>
    <Filter Include="Header Files\Shared\ECS">
      <UniqueIdentifier>{7723209c-69ad-42fb-b536-2264fed2a712}</UniqueIdentifier>
    </Filter>
    <Filter Include="Header Files\General">
      <UniqueIdentifier>{8ec10e01-3cd4-439d-b70d-86f43c432621}</UniqueIdentifier>
    </Filter>
    <Filter Include="Source Files\General">
      <UniqueIdentifier>{cc5201e9-6775-475e-b459-d41716000a18}</UniqueIdentifier>
    </Filter>
    <Filter Include="Header Files\Shared\ECS\Component">
      <UniqueIdentifier>{bead102f-f60d-41b8-ac01-4c7566a34636}</UniqueIdentifier>
    </Filter>
    <Filter Include="Source Files\Shared\ECS\Component">
      <UniqueIdentifier>{05ba5a67-ac12-4511-b258-61187b309df8}</UniqueIdentifier>
    </Filter>
    <Filter Include="Header Files\Shared\ECS\Component\Weapon">
      <UniqueIdentifier>{a5c38825-33a6-4646-ac5b-60e6fc8b5d8e}</UniqueIdentifier>
    </Filter>
    <Filter Include="Source Files\Shared\ECS\Component\Weapon">
      <UniqueIdentifier>{71524e41-db58-4071-ba6e-01708fd35464}</UniqueIdentifier>
    </Filter>
    <Filter Include="Header Files\Shared\ECS\Factory">
      <UniqueIdentifier>{510ae9a1-910f-4f95-9064-147c980f9549}</UniqueIdentifier>
    </Filter>
    <Filter Include="Source Files\Shared\ECS\Factory">
      <UniqueIdentifier>{9a84db89-5af5-4fbe-8afb-8121ae7578be}</UniqueIdentifier>
    </Filter>
  </ItemGroup>
  <ItemGroup>
    <ClInclude Include="..\..\Shared\StdInc.h">
      <Filter>Header Files\Shared</Filter>
    </ClInclude>
    <ClInclude Include="..\..\Shared\Entity.h">
      <Filter>Header Files\Shared\ECS</Filter>
    </ClInclude>
    <ClInclude Include="..\..\Shared\AComponent.h">
      <Filter>Header Files\Shared\ECS\Component</Filter>
    </ClInclude>
    <ClInclude Include="..\..\Shared\CollectionComponent.h">
      <Filter>Header Files\Shared\ECS\Component</Filter>
    </ClInclude>
    <ClInclude Include="..\..\Shared\PlayerID.h">
      <Filter>Header Files\Shared\ECS\Component</Filter>
    </ClInclude>
    <ClInclude Include="..\..\Shared\Life.h">
      <Filter>Header Files\Shared\ECS\Component</Filter>
    </ClInclude>
    <ClInclude Include="..\..\Shared\Position.h">
      <Filter>Header Files\Shared\ECS\Component</Filter>
    </ClInclude>
    <ClInclude Include="..\..\Shared\AWeapon.h">
      <Filter>Header Files\Shared\ECS\Component\Weapon</Filter>
    </ClInclude>
    <ClInclude Include="..\..\Shared\SniperRifle.h">
      <Filter>Header Files</Filter>
    </ClInclude>
    <ClInclude Include="..\..\Shared\PlayerFactory.h">
      <Filter>Header Files\Shared\ECS\Factory</Filter>
    </ClInclude>
    <ClInclude Include="..\..\Shared\ObjectFactory.h">
      <Filter>Header Files\Shared\ECS\Factory</Filter>
    </ClInclude>
  </ItemGroup>
  <ItemGroup>
    <ClCompile Include="..\..\Shared\Entity.cpp">
      <Filter>Source Files\Shared\ECS</Filter>
    </ClCompile>
    <ClCompile Include="..\..\Shared\AComponent.cpp">
      <Filter>Source Files\Shared\ECS\Component</Filter>
    </ClCompile>
    <ClCompile Include="mainClient.cpp">
      <Filter>Source Files</Filter>
    </ClCompile>
    <ClCompile Include="..\..\Shared\Life.cpp">
      <Filter>Source Files\Shared\ECS\Component</Filter>
    </ClCompile>
    <ClCompile Include="..\..\Shared\PlayerID.cpp">
      <Filter>Source Files\Shared\ECS\Component</Filter>
    </ClCompile>
    <ClCompile Include="..\..\Shared\Position.cpp">
      <Filter>Source Files\Shared\ECS\Component</Filter>
    </ClCompile>
    <ClCompile Include="..\..\Shared\AWeapon.cpp">
      <Filter>Source Files\Shared\ECS\Component\Weapon</Filter>
    </ClCompile>
    <ClCompile Include="..\..\Shared\SniperRifle.cpp">
      <Filter>Source Files\Shared\ECS\Component\Weapon</Filter>
    </ClCompile>
    <ClCompile Include="..\..\Shared\PlayerFactory.cpp">
      <Filter>Source Files\Shared\ECS\Factory</Filter>
    </ClCompile>
    <ClCompile Include="..\..\Shared\ObjectFactory.cpp">
      <Filter>Source Files\Shared\ECS\Factory</Filter>
    </ClCompile>
  </ItemGroup>
</Project>